Microsoft Visual Studio Solution File, Format Version 12.00
# Visual Studio Version 17
VisualStudioVersion = 17.11.35327.3
MinimumVisualStudioVersion = 10.0.40219.1
Project("{9A19103F-16F7-4668-BE54-9A1E7A4F7556}") = "Admin", "Admin/Admin.csproj", "{C785ABDC-F4D3-4C59-911C-7406EFC5AAD1}"
EndProject
Project("{9A19103F-16F7-4668-BE54-9A1E7A4F7556}") = "Marketplacenew.Models", "Marketplacenew.Models/Marketplacenew.Models.csproj", "{3EFC9C5E-5C32-4BCB-B386-6F23C0EE3A51}"
EndProject
Project("{9A19103F-16F7-4668-BE54-9A1E7A4F7556}") = "Marketplacenew.DAL", "Marketplacenew.DAL/Marketplacenew.DAL.csproj", "{A11BC19E-7838-4C91-B876-96469D54C82D}"
EndProject
Project("{9A19103F-16F7-4668-BE54-9A1E7A4F7556}") = "MarketplacenewWebApi", "MarketplacenewWebApi/MarketplacenewWebApi.csproj", "{FAE161F5-EE1F-4809-9961-C1AA3715B806}"
EndProject

Global
    GlobalSection(SolutionConfigurationPlatforms) = preSolution
        Debug|Any CPU = Debug|Any CPU
        Release|Any CPU = Release|Any CPU
    EndGlobalSection
    GlobalSection(ProjectConfigurationPlatforms) = postSolution

        {C785ABDC-F4D3-4C59-911C-7406EFC5AAD1}.Debug|Any CPU.ActiveCfg = Debug|Any CPU
        {C785ABDC-F4D3-4C59-911C-7406EFC5AAD1}.Debug|Any CPU.Build.0 = Debug|Any CPU
        {C785ABDC-F4D3-4C59-911C-7406EFC5AAD1}.Release|Any CPU.ActiveCfg = Release|Any CPU
        {C785ABDC-F4D3-4C59-911C-7406EFC5AAD1}.Release|Any CPU.Build.0 = Release|Any CPU
        {3EFC9C5E-5C32-4BCB-B386-6F23C0EE3A51}.Debug|Any CPU.ActiveCfg = Debug|Any CPU
        {3EFC9C5E-5C32-4BCB-B386-6F23C0EE3A51}.Debug|Any CPU.Build.0 = Debug|Any CPU
        {3EFC9C5E-5C32-4BCB-B386-6F23C0EE3A51}.Release|Any CPU.ActiveCfg = Release|Any CPU
        {3EFC9C5E-5C32-4BCB-B386-6F23C0EE3A51}.Release|Any CPU.Build.0 = Release|Any CPU
        {A11BC19E-7838-4C91-B876-96469D54C82D}.Debug|Any CPU.ActiveCfg = Debug|Any CPU
        {A11BC19E-7838-4C91-B876-96469D54C82D}.Debug|Any CPU.Build.0 = Debug|Any CPU
        {A11BC19E-7838-4C91-B876-96469D54C82D}.Release|Any CPU.ActiveCfg = Release|Any CPU
        {A11BC19E-7838-4C91-B876-96469D54C82D}.Release|Any CPU.Build.0 = Release|Any CPU
        {FAE161F5-EE1F-4809-9961-C1AA3715B806}.Debug|Any CPU.ActiveCfg = Debug|Any CPU
        {FAE161F5-EE1F-4809-9961-C1AA3715B806}.Debug|Any CPU.Build.0 = Debug|Any CPU
        {FAE161F5-EE1F-4809-9961-C1AA3715B806}.Release|Any CPU.ActiveCfg = Release|Any CPU
        {FAE161F5-EE1F-4809-9961-C1AA3715B806}.Release|Any CPU.Build.0 = Release|Any CPU
    EndGlobalSection
    GlobalSection(SolutionProperties) = preSolution
        HideSolutionNode = FALSE
    EndGlobalSection
    GlobalSection(ExtensibilityGlobals) = postSolution
        SolutionGuid = {F79E5AB1-73F0-4AF7-935F-35F571AD379A}
    EndGlobalSection
EndGlobal